// !$*UTF8*$!
{
	archiveVersion = 1;
	classes = {
	};
	objectVersion = 50;
	objects = {

/* Begin PBXBuildFile section */
		E71F3F292150A239008E06A5 /* AppDelegate.m in Sources */ = {isa = PBXBuildFile; fileRef = E71F3F282150A239008E06A5 /* AppDelegate.m */; };
		E71F3F2C2150A239008E06A5 /* ViewController.m in Sources */ = {isa = PBXBuildFile; fileRef = E71F3F2B2150A239008E06A5 /* ViewController.m */; };
		E71F3F2F2150A239008E06A5 /* Main.storyboard in Resources */ = {isa = PBXBuildFile; fileRef = E71F3F2D2150A239008E06A5 /* Main.storyboard */; };
		E71F3F312150A23B008E06A5 /* Assets.xcassets in Resources */ = {isa = PBXBuildFile; fileRef = E71F3F302150A23B008E06A5 /* Assets.xcassets */; };
		E71F3F342150A23B008E06A5 /* LaunchScreen.storyboard in Resources */ = {isa = PBXBuildFile; fileRef = E71F3F322150A23B008E06A5 /* LaunchScreen.storyboard */; };
		E71F3F372150A23B008E06A5 /* main.m in Sources */ = {isa = PBXBuildFile; fileRef = E71F3F362150A23B008E06A5 /* main.m */; };
/* End PBXBuildFile section */

/* Begin PBXFileReference section */
		E71F3F242150A239008E06A5 /* BeFluent.app */ = {isa = PBXFileReference; explicitFileType = wrapper.application; includeInIndex = 0; path = BeFluent.app; sourceTree = BUILT_PRODUCTS_DIR; };
		E71F3F272150A239008E06A5 /* AppDelegate.h */ = {isa = PBXFileReference; lastKnownFileType = sourcecode.c.h; path = AppDelegate.h; sourceTree = "<group>"; };
		E71F3F282150A239008E06A5 /* AppDelegate.m */ = {isa = PBXFileReference; lastKnownFileType = sourcecode.c.objc; path = AppDelegate.m; sourceTree = "<group>"; };
		E71F3F2A2150A239008E06A5 /* ViewController.h */ = {isa = PBXFileReference; lastKnownFileType = sourcecode.c.h; path = ViewController.h; sourceTree = "<group>"; };
		E71F3F2B2150A239008E06A5 /* ViewController.m */ = {isa = PBXFileReference; lastKnownFileType = sourcecode.c.objc; path = ViewController.m; sourceTree = "<group>"; };
		E71F3F2E2150A239008E06A5 /* Base */ = {isa = PBXFileReference; lastKnownFileType = file.storyboard; name = Base; path = Base.lproj/Main.storyboard; sourceTree = "<group>"; };
		E71F3F302150A23B008E06A5 /* Assets.xcassets */ = {isa = PBXFileReference; lastKnownFileType = folder.assetcatalog; path = Assets.xcassets; sourceTree = "<group>"; };
		E71F3F332150A23B008E06A5 /* Base */ = {isa = PBXFileReference; lastKnownFileType = file.storyboard; name = Base; path = Base.lproj/LaunchScreen.storyboard; sourceTree = "<group>"; };
		E71F3F352150A23B008E06A5 /* Info.plist */ = {isa = PBXFileReference; lastKnownFileType = text.plist.xml; path = Info.plist; sourceTree = "<group>"; };
		E71F3F362150A23B008E06A5 /* main.m */ = {isa = PBXFileReference; lastKnownFileType = sourcecode.c.objc; path = main.m; sourceTree = "<group>"; };
/* End PBXFileReference section */

/* Begin PBXFrameworksBuildPhase section */
		E71F3F212150A239008E06A5 /* Frameworks */ = {
			isa = PBXFrameworksBuildPhase;
			buildActionMask = 2147483647;
			files = (
			);
			runOnlyForDeploymentPostprocessing = 0;
		};
/* End PBXFrameworksBuildPhase section */

/* Begin PBXGroup section */
		E71F3F1B2150A239008E06A5 = {
			isa = PBXGroup;
			children = (
				E71F3F262150A239008E06A5 /* BeFluent */,
				E71F3F252150A239008E06A5 /* Products */,
			);
			sourceTree = "<group>";
		};
		E71F3F252150A239008E06A5 /* Products */ = {
			isa = PBXGroup;
			children = (
				E71F3F242150A239008E06A5 /* BeFluent.app */,
			);
			name = Products;
			sourceTree = "<group>";
		};
		E71F3F262150A239008E06A5 /* BeFluent */ = {
			isa = PBXGroup;
			children = (
				E71F3F272150A239008E06A5 /* AppDelegate.h */,
				E71F3F282150A239008E06A5 /* AppDelegate.m */,
				E71F3F2A2150A239008E06A5 /* ViewController.h */,
				E71F3F2B2150A239008E06A5 /* ViewController.m */,
				E71F3F2D2150A239008E06A5 /* Main.storyboard */,
				E71F3F302150A23B008E06A5 /* Assets.xcassets */,
				E71F3F322150A23B008E06A5 /* LaunchScreen.storyboard */,
				E71F3F352150A23B008E06A5 /* Info.plist */,
				E71F3F362150A23B008E06A5 /* main.m */,
			);
			path = BeFluent;
			sourceTree = "<group>";
		};
/* End PBXGroup section */

/* Begin PBXNativeTarget section */
		E71F3F232150A239008E06A5 /* BeFluent */ = {
			isa = PBXNativeTarget;
			buildConfigurationList = E71F3F3A2150A23B008E06A5 /* Build configuration list for PBXNativeTarget "BeFluent" */;
			buildPhases = (
				E71F3F202150A239008E06A5 /* Sources */,
				E71F3F212150A239008E06A5 /* Frameworks */,
				E71F3F222150A239008E06A5 /* Resources */,
			);
			buildRules = (
			);
			dependencies = (
			);
			name = BeFluent;
			productName = BeFluent;
			productReference = E71F3F242150A239008E06A5 /* BeFluent.app */;
			productType = "com.apple.product-type.application";
		};
/* End PBXNativeTarget section */

/* Begin PBXProject section */
		E71F3F1C2150A239008E06A5 /* Project object */ = {
			isa = PBXProject;
			attributes = {
				LastUpgradeCheck = 0940;
				ORGANIZATIONNAME = alan;
				TargetAttributes = {
					E71F3F232150A239008E06A5 = {
						CreatedOnToolsVersion = 9.4.1;
					};
				};
			};
			buildConfigurationList = E71F3F1F2150A239008E06A5 /* Build configuration list for PBXProject "BeFluent" */;
			compatibilityVersion = "Xcode 9.3";
			developmentRegion = en;
			hasScannedForEncodings = 0;
			knownRegions = (
				en,
				Base,
			);
			mainGroup = E71F3F1B2150A239008E06A5;
			productRefGroup = E71F3F252150A239008E06A5 /* Products */;
			projectDirPath = "";
			projectRoot = "";
			targets = (
				E71F3F232150A239008E06A5 /* BeFluent */,
			);
		};
/* End PBXProject section */

/* Begin PBXResourcesBuildPhase section */
		E71F3F222150A239008E06A5 /* Resources */ = {
			isa = PBXResourcesBuildPhase;
			buildActionMask = 2147483647;
			files = (
				E71F3F342150A23B008E06A5 /* LaunchScreen.storyboard in Resources */,
				E71F3F312150A23B008E06A5 /* Assets.xcassets in Resources */,
				E71F3F2F2150A239008E06A5 /* Main.storyboard in Resources */,
			);
			runOnlyForDeploymentPostprocessing = 0;
		};
/* End PBXResourcesBuildPhase section */

/* Begin PBXSourcesBuildPhase section */
		E71F3F202150A239008E06A5 /* Sources */ = {
			isa = PBXSourcesBuildPhase;
			buildActionMask = 2147483647;
			files = (
				E71F3F2C2150A239008E06A5 /* ViewController.m in Sources */,
				E71F3F372150A23B008E06A5 /* main.m in Sources */,
				E71F3F292150A239008E06A5 /* AppDelegate.m in Sources */,
			);
			runOnlyForDeploymentPostprocessing = 0;
		};
/* End PBXSourcesBuildPhase section */

/* Begin PBXVariantGroup section */
		E71F3F2D2150A239008E06A5 /* Main.storyboard */ = {
			isa = PBXVariantGroup;
			children = (
				E71F3F2E2150A239008E06A5 /* Base */,
			);
			name = Main.storyboard;
			sourceTree = "<group>";
		};
		E71F3F322150A23B008E06A5 /* LaunchScreen.storyboard */ = {
			isa = PBXVariantGroup;
			children = (
				E71F3F332150A23B008E06A5 /* Base */,
			);
			name = LaunchScreen.storyboard;
			sourceTree = "<group>";
		};
/* End PBXVariantGroup section */

/* Begin XCBuildConfiguration section */
		E71F3F382150A23B008E06A5 /* Debug */ = {
			isa = XCBuildConfiguration;
			buildSettings = {
				ALWAYS_SEARCH_USER_PATHS = NO;
				CLANG_ANALYZER_NONNULL = YES;
				CLANG_ANALYZER_NUMBER_OBJECT_CONVERSION = YES_AGGRESSIVE;
				CLANG_CXX_LANGUAGE_STANDARD = "gnu++14";
				CLANG_CXX_LIBRARY = "libc++";
				CLANG_ENABLE_MODULES = YES;
				CLANG_ENABLE_OBJC_ARC = YES;
				CLANG_ENABLE_OBJC_WEAK = YES;
				CLANG_WARN_BLOCK_CAPTURE_AUTORELEASING = YES;
				CLANG_WARN_BOOL_CONVERSION = YES;
				CLANG_WARN_COMMA = YES;
				CLANG_WARN_CONSTANT_CONVERSION = YES;
				CLANG_WARN_DEPRECATED_OBJC_IMPLEMENTATIONS = YES;
				CLANG_WARN_DIRECT_OBJC_ISA_USAGE = YES_ERROR;
				CLANG_WARN_DOCUMENTATION_COMMENTS = YES;
				CLANG_WARN_EMPTY_BODY = YES;
				CLANG_WARN_ENUM_CONVERSION = YES;
				CLANG_WARN_INFINITE_RECURSION = YES;
				CLANG_WARN_INT_CONVERSION = YES;
				CLANG_WARN_NON_LITERAL_NULL_CONVERSION = YES;
				CLANG_WARN_OBJC_IMPLICIT_RETAIN_SELF = YES;
				CLANG_WARN_OBJC_LITERAL_CONVERSION = YES;
				CLANG_WARN_OBJC_ROOT_CLASS = YES_ERROR;
				CLANG_WARN_RANGE_LOOP_ANALYSIS = YES;
				CLANG_WARN_STRICT_PROTOTYPES = YES;
				CLANG_WARN_SUSPICIOUS_MOVE = YES;
				CLANG_WARN_UNGUARDED_AVAILABILITY = YES_AGGRESSIVE;
				CLANG_WARN_UNREACHABLE_CODE = YES;
				CLANG_WARN__DUPLICATE_METHOD_MATCH = YES;
				CODE_SIGN_IDENTITY = "iPhone Developer";
				COPY_PHASE_STRIP = NO;
				DEBUG_INFORMATION_FORMAT = dwarf;
				ENABLE_STRICT_OBJC_MSGSEND = YES;
				ENABLE_TESTABILITY = YES;
				GCC_C_LANGUAGE_STANDARD = gnu11;
				GCC_DYNAMIC_NO_PIC = NO;
				GCC_NO_COMMON_BLOCKS = YES;
				GCC_OPTIMIZATION_LEVEL = 0;
				GCC_PREPROCESSOR_DEFINITIONS = (
					"DEBUG=1",
					"$(inherited)",
				);
				GCC_WARN_64_TO_32_BIT_CONVERSION = YES;
				GCC_WARN_ABOUT_RETURN_TYPE = YES_ERROR;
				GCC_WARN_UNDECLARED_SELECTOR = YES;
				GCC_WARN_UNINITIALIZED_AUTOS = YES_AGGRESSIVE;
				GCC_WARN_UNUSED_FUNCTION = YES;
				GCC_WARN_UNUSED_VARIABLE = YES;
				IPHONEOS_DEPLOYMENT_TARGET = 11.4;
				MTL_ENABLE_DEBUG_INFO = YES;
				ONLY_ACTIVE_ARCH = YES;
				SDKROOT = iphoneos;
			};
			name = Debug;
		};
		E71F3F392150A23B008E06A5 /* Release */ = {
			isa = XCBuildConfiguration;
			buildSettings = {
				ALWAYS_SEARCH_USER_PATHS = NO;
				CLANG_ANALYZER_NONNULL = YES;
				CLANG_ANALYZER_NUMBER_OBJECT_CONVERSION = YES_AGGRESSIVE;
				CLANG_CXX_LANGUAGE_STANDARD = "gnu++14";
				CLANG_CXX_LIBRARY = "libc++";
				CLANG_ENABLE_MODULES = YES;
				CLANG_ENABLE_OBJC_ARC = YES;
				CLANG_ENABLE_OBJC_WEAK = YES;
				CLANG_WARN_BLOCK_CAPTURE_AUTORELEASING = YES;
				CLANG_WARN_BOOL_CONVERSION = YES;
				CLANG_WARN_COMMA = YES;
				CLANG_WARN_CONSTANT_CONVERSION = YES;
				CLANG_WARN_DEPRECATED_OBJC_IMPLEMENTATIONS = YES;
				CLANG_WARN_DIRECT_OBJC_ISA_USAGE = YES_ERROR;
				CLANG_WARN_DOCUMENTATION_COMMENTS = YES;
				CLANG_WARN_EMPTY_BODY = YES;
				CLANG_WARN_ENUM_CONVERSION = YES;
				CLANG_WARN_INFINITE_RECURSION = YES;
				CLANG_WARN_INT_CONVERSION = YES;
				CLANG_WARN_NON_LITERAL_NULL_CONVERSION = YES;
				CLANG_WARN_OBJC_IMPLICIT_RETAIN_SELF = YES;
				CLANG_WARN_OBJC_LITERAL_CONVERSION = YES;
				CLANG_WARN_OBJC_ROOT_CLASS = YES_ERROR;
				CLANG_WARN_RANGE_LOOP_ANALYSIS = YES;
				CLANG_WARN_STRICT_PROTOTYPES = YES;
				CLANG_WARN_SUSPICIOUS_MOVE = YES;
				CLANG_WARN_UNGUARDED_AVAILABILITY = YES_AGGRESSIVE;
				CLANG_WARN_UNREACHABLE_CODE = YES;
				CLANG_WARN__DUPLICATE_METHOD_MATCH = YES;
				CODE_SIGN_IDENTITY = "iPhone Developer";
				COPY_PHASE_STRIP = NO;
				DEBUG_INFORMATION_FORMAT = "dwarf-with-dsym";
				ENABLE_NS_ASSERTIONS = NO;
				ENABLE_STRICT_OBJC_MSGSEND = YES;
				GCC_C_LANGUAGE_STANDARD = gnu11;
				GCC_NO_COMMON_BLOCKS = YES;
				GCC_WARN_64_TO_32_BIT_CONVERSION = YES;
				GCC_WARN_ABOUT_RETURN_TYPE = YES_ERROR;
				GCC_WARN_UNDECLARED_SELECTOR = YES;
				GCC_WARN_UNINITIALIZED_AUTOS = YES_AGGRESSIVE;
				GCC_WARN_UNUSED_FUNCTION = YES;
				GCC_WARN_UNUSED_VARIABLE = YES;
				IPHONEOS_DEPLOYMENT_TARGET = 11.4;
				MTL_ENABLE_DEBUG_INFO = NO;
				SDKROOT = iphoneos;
				VALIDATE_PRODUCT = YES;
			};
			name = Release;
		};
		E71F3F3B2150A23B008E06A5 /* Debug */ = {
			isa = XCBuildConfiguration;
			buildSettings = {
				ASSETCATALOG_COMPILER_APPICON_NAME = AppIcon;
				CODE_SIGN_STYLE = Automatic;
				DEVELOPMENT_TEAM = G7UYAV3U3M;
				INFOPLIST_FILE = BeFluent/Info.plist;
				LD_RUNPATH_SEARCH_PATHS = (
					"$(inherited)",
					"@executable_path/Frameworks",
				);
				PRODUCT_BUNDLE_IDENTIFIER = com.befluent.www.BeFluent;
				PRODUCT_NAME = "$(TARGET_NAME)";
				TARGETED_DEVICE_FAMILY = "1,2";
			};
			name = Debug;
		};
		E71F3F3C2150A23B008E06A5 /* Release */ = {
			isa = XCBuildConfiguration;
			buildSettings = {
				ASSETCATALOG_COMPILER_APPICON_NAME = AppIcon;
				CODE_SIGN_STYLE = Automatic;
				DEVELOPMENT_TEAM = G7UYAV3U3M;
				INFOPLIST_FILE = BeFluent/Info.plist;
				LD_RUNPATH_SEARCH_PATHS = (
					"$(inherited)",
					"@executable_path/Frameworks",
				);
				PRODUCT_BUNDLE_IDENTIFIER = com.befluent.www.BeFluent;
				PRODUCT_NAME = "$(TARGET_NAME)";
				TARGETED_DEVICE_FAMILY = "1,2";
			};
			name = Release;
		};
/* End XCBuildConfiguration section */

/* Begin XCConfigurationList section */
		E71F3F1F2150A239008E06A5 /* Build configuration list for PBXProject "BeFluent" */ = {
			isa = XCConfigurationList;
			buildConfigurations = (
				E71F3F382150A23B008E06A5 /* Debug */,
				E71F3F392150A23B008E06A5 /* Release */,
			);
			defaultConfigurationIsVisible = 0;
			defaultConfigurationName = Release;
		};
		E71F3F3A2150A23B008E06A5 /* Build configuration list for PBXNativeTarget "BeFluent" */ = {
			isa = XCConfigurationList;
			buildConfigurations = (
				E71F3F3B2150A23B008E06A5 /* Debug */,
				E71F3F3C2150A23B008E06A5 /* Release */,
			);
			defaultConfigurationIsVisible = 0;
			defaultConfigurationName = Release;
		};
/* End XCConfigurationList section */
	};
	rootObject = E71F3F1C2150A239008E06A5 /* Project object */;
}
